// !$*UTF8*$!
{
	archiveVersion = 1;
	classes = {
	};
	objectVersion = 55;
	objects = {

/* Begin PBXBuildFile section */
		4A021BFC2737846100481DBC /* LazyGridExample.swift in Sources */ = {isa = PBXBuildFile; fileRef = 4A021BFB2737846100481DBC /* LazyGridExample.swift */; };
		4A021BFF27378DE700481DBC /* Orientation.swift in Sources */ = {isa = PBXBuildFile; fileRef = 4A021BFE27378DE700481DBC /* Orientation.swift */; };
		4A17E19D273CE06100B638F9 /* GroupAnyViewExample.swift in Sources */ = {isa = PBXBuildFile; fileRef = 4A17E19C273CE06100B638F9 /* GroupAnyViewExample.swift */; };
		4A1BAB37275730BE00F4DA58 /* CurveExample.swift in Sources */ = {isa = PBXBuildFile; fileRef = 4A1BAB36275730BE00F4DA58 /* CurveExample.swift */; };
		4A1D93702740F89E0017DAC2 /* AlertExample.swift in Sources */ = {isa = PBXBuildFile; fileRef = 4A1D936F2740F89E0017DAC2 /* AlertExample.swift */; };
		4A347CF9273A5D00000A31C5 /* AnimationExample1.swift in Sources */ = {isa = PBXBuildFile; fileRef = 4A347CF8273A5D00000A31C5 /* AnimationExample1.swift */; };
		4A347CFB273A5D34000A31C5 /* AnimationExample2.swift in Sources */ = {isa = PBXBuildFile; fileRef = 4A347CFA273A5D34000A31C5 /* AnimationExample2.swift */; };
		4A347CFD273A5DD4000A31C5 /* AnimationExample3.swift in Sources */ = {isa = PBXBuildFile; fileRef = 4A347CFC273A5DD4000A31C5 /* AnimationExample3.swift */; };
		4A347CFF273A6E94000A31C5 /* AnimationExample4.swift in Sources */ = {isa = PBXBuildFile; fileRef = 4A347CFE273A6E94000A31C5 /* AnimationExample4.swift */; };
		4A347D01273BB5A1000A31C5 /* NavigationLinkExample.swift in Sources */ = {isa = PBXBuildFile; fileRef = 4A347D00273BB5A1000A31C5 /* NavigationLinkExample.swift */; };
		4A347D03273BBC81000A31C5 /* RotationEffectExample.swift in Sources */ = {isa = PBXBuildFile; fileRef = 4A347D02273BBC81000A31C5 /* RotationEffectExample.swift */; };
		4A347D05273BBD8B000A31C5 /* UIScreenExample.swift in Sources */ = {isa = PBXBuildFile; fileRef = 4A347D04273BBD8B000A31C5 /* UIScreenExample.swift */; };
		4A3BA407272F537D00D5D52C /* ConfirmationExample.swift in Sources */ = {isa = PBXBuildFile; fileRef = 4A3BA406272F537D00D5D52C /* ConfirmationExample.swift */; };
		4A3E38F72737A5E200927C2D /* TextFieldExample1.swift in Sources */ = {isa = PBXBuildFile; fileRef = 4A3E38F62737A5E200927C2D /* TextFieldExample1.swift */; };
		4A3E38FA2737C86D00927C2D /* ButtonModifierExample.swift in Sources */ = {isa = PBXBuildFile; fileRef = 4A3E38F92737C86D00927C2D /* ButtonModifierExample.swift */; };
		4A3E38FC2737C88300927C2D /* ButtonStructExample.swift in Sources */ = {isa = PBXBuildFile; fileRef = 4A3E38FB2737C88300927C2D /* ButtonStructExample.swift */; };
		4A3E38FE2737CBDC00927C2D /* ButtonPropertyExample.swift in Sources */ = {isa = PBXBuildFile; fileRef = 4A3E38FD2737CBDC00927C2D /* ButtonPropertyExample.swift */; };
		4A3E39002737CBEA00927C2D /* ButtonExtensionExample.swift in Sources */ = {isa = PBXBuildFile; fileRef = 4A3E38FF2737CBEA00927C2D /* ButtonExtensionExample.swift */; };
		4A3E39022737CBF500927C2D /* ButtonStyleExample.swift in Sources */ = {isa = PBXBuildFile; fileRef = 4A3E39012737CBF500927C2D /* ButtonStyleExample.swift */; };
		4A3E3904273856A400927C2D /* ButtonViewBuilderExample.swift in Sources */ = {isa = PBXBuildFile; fileRef = 4A3E3903273856A400927C2D /* ButtonViewBuilderExample.swift */; };
		4A3E390627385C7C00927C2D /* EnvironmentExample.swift in Sources */ = {isa = PBXBuildFile; fileRef = 4A3E390527385C7C00927C2D /* EnvironmentExample.swift */; };
		4A3E39092738617700927C2D /* MenuExample.swift in Sources */ = {isa = PBXBuildFile; fileRef = 4A3E39082738617700927C2D /* MenuExample.swift */; };
		4A3E390B2738716B00927C2D /* ScrollViewReaderExample1.swift in Sources */ = {isa = PBXBuildFile; fileRef = 4A3E390A2738716B00927C2D /* ScrollViewReaderExample1.swift */; };
		4A3E390D27387CC400927C2D /* ScrollViewReaderExample2.swift in Sources */ = {isa = PBXBuildFile; fileRef = 4A3E390C27387CC400927C2D /* ScrollViewReaderExample2.swift */; };
		4A49EB11273C38E400C29193 /* UserDefaultsExample.swift in Sources */ = {isa = PBXBuildFile; fileRef = 4A49EB10273C38E400C29193 /* UserDefaultsExample.swift */; };
		4A49EB13273C392100C29193 /* UserDefaultsService.swift in Sources */ = {isa = PBXBuildFile; fileRef = 4A49EB12273C392100C29193 /* UserDefaultsService.swift */; };
		4A5980DD275340C000E95548 /* OnReceiveExample.swift in Sources */ = {isa = PBXBuildFile; fileRef = 4A5980DC275340C000E95548 /* OnReceiveExample.swift */; };
		4A5C8911275464E2005C67D2 /* ListExample.swift in Sources */ = {isa = PBXBuildFile; fileRef = 4A5C8910275464E2005C67D2 /* ListExample.swift */; };
		4A5C89132754B8C9005C67D2 /* BarExample.swift in Sources */ = {isa = PBXBuildFile; fileRef = 4A5C89122754B8C9005C67D2 /* BarExample.swift */; };
		4A65DA5F2760096A0054C92D /* weather.json in Resources */ = {isa = PBXBuildFile; fileRef = 4A65DA5E2760096A0054C92D /* weather.json */; };
		4A65DA612760098A0054C92D /* DecoderExample.swift in Sources */ = {isa = PBXBuildFile; fileRef = 4A65DA602760098A0054C92D /* DecoderExample.swift */; };
		4A6824C9272CBCAA004A7879 /* MusicPlayerExample.swift in Sources */ = {isa = PBXBuildFile; fileRef = 4A6824C8272CBCAA004A7879 /* MusicPlayerExample.swift */; };
		4A6824CB272CC218004A7879 /* music.mp3 in Resources */ = {isa = PBXBuildFile; fileRef = 4A6824CA272CC217004A7879 /* music.mp3 */; };
		4A6824CD272D2ABB004A7879 /* StateObjectExample.swift in Sources */ = {isa = PBXBuildFile; fileRef = 4A6824CC272D2ABB004A7879 /* StateObjectExample.swift */; };
		4A856BA72758B24A0062FC9F /* LineGraphExample.swift in Sources */ = {isa = PBXBuildFile; fileRef = 4A856BA62758B24A0062FC9F /* LineGraphExample.swift */; };
		4A96E1382720F30300E66E2E /* JSONDecoderExample.swift in Sources */ = {isa = PBXBuildFile; fileRef = 4A96E1372720F30300E66E2E /* JSONDecoderExample.swift */; };
		4A96E13A272113B700E66E2E /* JSONEncoderExample.swift in Sources */ = {isa = PBXBuildFile; fileRef = 4A96E139272113B700E66E2E /* JSONEncoderExample.swift */; };
		4A96E13C272113C800E66E2E /* JSONSerializationExample.swift in Sources */ = {isa = PBXBuildFile; fileRef = 4A96E13B272113C800E66E2E /* JSONSerializationExample.swift */; };
		4A96E1402721141500E66E2E /* TryExample.swift in Sources */ = {isa = PBXBuildFile; fileRef = 4A96E13F2721141500E66E2E /* TryExample.swift */; };
		4A96E14C2721F14800E66E2E /* LocalizedErrorExample.swift in Sources */ = {isa = PBXBuildFile; fileRef = 4A96E14B2721F14800E66E2E /* LocalizedErrorExample.swift */; };
		4A96E14F27221EFB00E66E2E /* ButtonSimpleExample.swift in Sources */ = {isa = PBXBuildFile; fileRef = 4A96E14E27221EFB00E66E2E /* ButtonSimpleExample.swift */; };
		4A96E1B82724C9F100E66E2E /* ColorExample.swift in Sources */ = {isa = PBXBuildFile; fileRef = 4A96E1B72724C9F100E66E2E /* ColorExample.swift */; };
		4A96E1BA2724DCE400E66E2E /* FrameExample.swift in Sources */ = {isa = PBXBuildFile; fileRef = 4A96E1B92724DCE400E66E2E /* FrameExample.swift */; };
		4A96E1BC2724E35900E66E2E /* ScrollViewExample.swift in Sources */ = {isa = PBXBuildFile; fileRef = 4A96E1BB2724E35900E66E2E /* ScrollViewExample.swift */; };
		4A96E1BF27253D4F00E66E2E /* FontExample.swift in Sources */ = {isa = PBXBuildFile; fileRef = 4A96E1BE27253D4F00E66E2E /* FontExample.swift */; };
		4A9BB0F32735A925007E3853 /* Store.swift in Sources */ = {isa = PBXBuildFile; fileRef = 4A9BB0F22735A925007E3853 /* Store.swift */; };
		4A9BB0F72735BD09007E3853 /* EnvironmentObjectExample.swift in Sources */ = {isa = PBXBuildFile; fileRef = 4A9BB0F62735BD09007E3853 /* EnvironmentObjectExample.swift */; };
		4A9BB0F92735C500007E3853 /* StateExample.swift in Sources */ = {isa = PBXBuildFile; fileRef = 4A9BB0F82735C500007E3853 /* StateExample.swift */; };
		4AB26C73277458E500D73A97 /* SDWebImageSwiftUI in Frameworks */ = {isa = PBXBuildFile; productRef = 4AB26C72277458E500D73A97 /* SDWebImageSwiftUI */; };
		4AB26C75277458FE00D73A97 /* WebImageExample.swift in Sources */ = {isa = PBXBuildFile; fileRef = 4AB26C74277458FE00D73A97 /* WebImageExample.swift */; };
		4AC0447C2717A3960060FB8D /* FocusedExample.swift in Sources */ = {isa = PBXBuildFile; fileRef = 4AC0447B2717A3960060FB8D /* FocusedExample.swift */; };
		4AC6A46D2707E294009067C3 /* SwiftExamplesApp.swift in Sources */ = {isa = PBXBuildFile; fileRef = 4AC6A46C2707E294009067C3 /* SwiftExamplesApp.swift */; };
		4AC6A46F2707E294009067C3 /* ContentView.swift in Sources */ = {isa = PBXBuildFile; fileRef = 4AC6A46E2707E294009067C3 /* ContentView.swift */; };
		4AC6A4712707E298009067C3 /* Assets.xcassets in Resources */ = {isa = PBXBuildFile; fileRef = 4AC6A4702707E298009067C3 /* Assets.xcassets */; };
		4AC6A4742707E298009067C3 /* Preview Assets.xcassets in Resources */ = {isa = PBXBuildFile; fileRef = 4AC6A4732707E298009067C3 /* Preview Assets.xcassets */; };
		4AC6A47C2707E2D5009067C3 /* TapGestureExample.swift in Sources */ = {isa = PBXBuildFile; fileRef = 4AC6A47B2707E2D5009067C3 /* TapGestureExample.swift */; };
		4AC6A47F2707E699009067C3 /* GeometryReaderExample.swift in Sources */ = {isa = PBXBuildFile; fileRef = 4AC6A47E2707E699009067C3 /* GeometryReaderExample.swift */; };
		4AC6A4812707E974009067C3 /* TimerExample.swift in Sources */ = {isa = PBXBuildFile; fileRef = 4AC6A4802707E974009067C3 /* TimerExample.swift */; };
		4AC6A4832707F446009067C3 /* OnDeleteExample.swift in Sources */ = {isa = PBXBuildFile; fileRef = 4AC6A4822707F446009067C3 /* OnDeleteExample.swift */; };
		4AC6A4852707FB68009067C3 /* LongPressGestureExample.swift in Sources */ = {isa = PBXBuildFile; fileRef = 4AC6A4842707FB68009067C3 /* LongPressGestureExample.swift */; };
		4AC6A4872707FBF6009067C3 /* DragGestureExample.swift in Sources */ = {isa = PBXBuildFile; fileRef = 4AC6A4862707FBF6009067C3 /* DragGestureExample.swift */; };
		4AC6A489270840A0009067C3 /* DragGestureExample2.swift in Sources */ = {isa = PBXBuildFile; fileRef = 4AC6A488270840A0009067C3 /* DragGestureExample2.swift */; };
		4AC6A48B270848CE009067C3 /* MagnificationGestureExample.swift in Sources */ = {isa = PBXBuildFile; fileRef = 4AC6A48A270848CE009067C3 /* MagnificationGestureExample.swift */; };
		4AC6A48D270850ED009067C3 /* RotationGestureExample.swift in Sources */ = {isa = PBXBuildFile; fileRef = 4AC6A48C270850ED009067C3 /* RotationGestureExample.swift */; };
		4AC6A4912708B320009067C3 /* TabViewExample.swift in Sources */ = {isa = PBXBuildFile; fileRef = 4AC6A4902708B320009067C3 /* TabViewExample.swift */; };
		4AC6A4932708C7CC009067C3 /* PaddingExample.swift in Sources */ = {isa = PBXBuildFile; fileRef = 4AC6A4922708C7CC009067C3 /* PaddingExample.swift */; };
		4ACE2BAF274B597F008DF217 /* TransitionExample.swift in Sources */ = {isa = PBXBuildFile; fileRef = 4ACE2BAE274B597F008DF217 /* TransitionExample.swift */; };
		4ACF67D927360C27003CF94F /* OnChangeExample.swift in Sources */ = {isa = PBXBuildFile; fileRef = 4ACF67D827360C27003CF94F /* OnChangeExample.swift */; };
		4ACF68052736F0FD003CF94F /* ViewBuilderExample.swift in Sources */ = {isa = PBXBuildFile; fileRef = 4ACF68042736F0FD003CF94F /* ViewBuilderExample.swift */; };
		4ACF680727372A03003CF94F /* ModifierExample.swift in Sources */ = {isa = PBXBuildFile; fileRef = 4ACF680627372A03003CF94F /* ModifierExample.swift */; };
		4ACFDC6E276FD1720039769F /* UIBezierPathExample.swift in Sources */ = {isa = PBXBuildFile; fileRef = 4ACFDC6D276FD1720039769F /* UIBezierPathExample.swift */; };
		4ACFDC72276FE1B80039769F /* PathExample.swift in Sources */ = {isa = PBXBuildFile; fileRef = 4ACFDC71276FE1B80039769F /* PathExample.swift */; };
		4ACFDC7A27711E7C0039769F /* AttributedStringExample.swift in Sources */ = {isa = PBXBuildFile; fileRef = 4ACFDC7927711E7C0039769F /* AttributedStringExample.swift */; };
		4ADFD2012769A02A00B3565A /* SlidingTextExample.swift in Sources */ = {isa = PBXBuildFile; fileRef = 4ADFD2002769A02A00B3565A /* SlidingTextExample.swift */; };
		4ADFD2032769A04600B3565A /* ScaleFactorExample.swift in Sources */ = {isa = PBXBuildFile; fileRef = 4ADFD2022769A04600B3565A /* ScaleFactorExample.swift */; };
		4ADFD2052769A04F00B3565A /* ScrollViewReaderExample3.swift in Sources */ = {isa = PBXBuildFile; fileRef = 4ADFD2042769A04F00B3565A /* ScrollViewReaderExample3.swift */; };
		4ADFD2092769A2CC00B3565A /* ScrollableTextExample.swift in Sources */ = {isa = PBXBuildFile; fileRef = 4ADFD2082769A2CC00B3565A /* ScrollableTextExample.swift */; };
		4ADFD20B2769D12700B3565A /* TapStackExample.swift in Sources */ = {isa = PBXBuildFile; fileRef = 4ADFD20A2769D12700B3565A /* TapStackExample.swift */; };
		4ADFD20D2769E79000B3565A /* OrientationExample.swift in Sources */ = {isa = PBXBuildFile; fileRef = 4ADFD20C2769E79000B3565A /* OrientationExample.swift */; };
		4ADFD20F2769ED8F00B3565A /* ToolbarExample.swift in Sources */ = {isa = PBXBuildFile; fileRef = 4ADFD20E2769ED8F00B3565A /* ToolbarExample.swift */; };
		4AEB8BA72772D5BB0007599F /* TextFieldExample2.swift in Sources */ = {isa = PBXBuildFile; fileRef = 4AEB8BA62772D5BB0007599F /* TextFieldExample2.swift */; };
		4AEB8BA92772DDDB0007599F /* TextFieldExample3.swift in Sources */ = {isa = PBXBuildFile; fileRef = 4AEB8BA82772DDDB0007599F /* TextFieldExample3.swift */; };
		4AF0D0062732593200EA2E80 /* PickerExample.swift in Sources */ = {isa = PBXBuildFile; fileRef = 4AF0D0052732593200EA2E80 /* PickerExample.swift */; };
/* End PBXBuildFile section */

/* Begin PBXFileReference section */
		4A021BFB2737846100481DBC /* LazyGridExample.swift */ = {isa = PBXFileReference; lastKnownFileType = sourcecode.swift; path = LazyGridExample.swift; sourceTree = "<group>"; };
		4A021BFE27378DE700481DBC /* Orientation.swift */ = {isa = PBXFileReference; lastKnownFileType = sourcecode.swift; path = Orientation.swift; sourceTree = "<group>"; };
		4A17E19C273CE06100B638F9 /* GroupAnyViewExample.swift */ = {isa = PBXFileReference; lastKnownFileType = sourcecode.swift; path = GroupAnyViewExample.swift; sourceTree = "<group>"; };
		4A1BAB36275730BE00F4DA58 /* CurveExample.swift */ = {isa = PBXFileReference; lastKnownFileType = sourcecode.swift; path = CurveExample.swift; sourceTree = "<group>"; };
		4A1D936F2740F89E0017DAC2 /* AlertExample.swift */ = {isa = PBXFileReference; lastKnownFileType = sourcecode.swift; path = AlertExample.swift; sourceTree = "<group>"; };
		4A347CF8273A5D00000A31C5 /* AnimationExample1.swift */ = {isa = PBXFileReference; lastKnownFileType = sourcecode.swift; path = AnimationExample1.swift; sourceTree = "<group>"; };
		4A347CFA273A5D34000A31C5 /* AnimationExample2.swift */ = {isa = PBXFileReference; lastKnownFileType = sourcecode.swift; path = AnimationExample2.swift; sourceTree = "<group>"; };
		4A347CFC273A5DD4000A31C5 /* AnimationExample3.swift */ = {isa = PBXFileReference; lastKnownFileType = sourcecode.swift; path = AnimationExample3.swift; sourceTree = "<group>"; };
		4A347CFE273A6E94000A31C5 /* AnimationExample4.swift */ = {isa = PBXFileReference; lastKnownFileType = sourcecode.swift; path = AnimationExample4.swift; sourceTree = "<group>"; };
		4A347D00273BB5A1000A31C5 /* NavigationLinkExample.swift */ = {isa = PBXFileReference; lastKnownFileType = sourcecode.swift; path = NavigationLinkExample.swift; sourceTree = "<group>"; };
		4A347D02273BBC81000A31C5 /* RotationEffectExample.swift */ = {isa = PBXFileReference; lastKnownFileType = sourcecode.swift; path = RotationEffectExample.swift; sourceTree = "<group>"; };
		4A347D04273BBD8B000A31C5 /* UIScreenExample.swift */ = {isa = PBXFileReference; lastKnownFileType = sourcecode.swift; path = UIScreenExample.swift; sourceTree = "<group>"; };
		4A3BA406272F537D00D5D52C /* ConfirmationExample.swift */ = {isa = PBXFileReference; lastKnownFileType = sourcecode.swift; path = ConfirmationExample.swift; sourceTree = "<group>"; };
		4A3E38F62737A5E200927C2D /* TextFieldExample1.swift */ = {isa = PBXFileReference; lastKnownFileType = sourcecode.swift; path = TextFieldExample1.swift; sourceTree = "<group>"; };
		4A3E38F92737C86D00927C2D /* ButtonModifierExample.swift */ = {isa = PBXFileReference; lastKnownFileType = sourcecode.swift; path = ButtonModifierExample.swift; sourceTree = "<group>"; };
		4A3E38FB2737C88300927C2D /* ButtonStructExample.swift */ = {isa = PBXFileReference; lastKnownFileType = sourcecode.swift; path = ButtonStructExample.swift; sourceTree = "<group>"; };
		4A3E38FD2737CBDC00927C2D /* ButtonPropertyExample.swift */ = {isa = PBXFileReference; lastKnownFileType = sourcecode.swift; path = ButtonPropertyExample.swift; sourceTree = "<group>"; };
		4A3E38FF2737CBEA00927C2D /* ButtonExtensionExample.swift */ = {isa = PBXFileReference; lastKnownFileType = sourcecode.swift; path = ButtonExtensionExample.swift; sourceTree = "<group>"; };
		4A3E39012737CBF500927C2D /* ButtonStyleExample.swift */ = {isa = PBXFileReference; lastKnownFileType = sourcecode.swift; path = ButtonStyleExample.swift; sourceTree = "<group>"; };
		4A3E3903273856A400927C2D /* ButtonViewBuilderExample.swift */ = {isa = PBXFileReference; lastKnownFileType = sourcecode.swift; path = ButtonViewBuilderExample.swift; sourceTree = "<group>"; };
		4A3E390527385C7C00927C2D /* EnvironmentExample.swift */ = {isa = PBXFileReference; lastKnownFileType = sourcecode.swift; path = EnvironmentExample.swift; sourceTree = "<group>"; };
		4A3E39082738617700927C2D /* MenuExample.swift */ = {isa = PBXFileReference; lastKnownFileType = sourcecode.swift; path = MenuExample.swift; sourceTree = "<group>"; };
		4A3E390A2738716B00927C2D /* ScrollViewReaderExample1.swift */ = {isa = PBXFileReference; lastKnownFileType = sourcecode.swift; path = ScrollViewReaderExample1.swift; sourceTree = "<group>"; };
		4A3E390C27387CC400927C2D /* ScrollViewReaderExample2.swift */ = {isa = PBXFileReference; lastKnownFileType = sourcecode.swift; path = ScrollViewReaderExample2.swift; sourceTree = "<group>"; };
		4A49EB10273C38E400C29193 /* UserDefaultsExample.swift */ = {isa = PBXFileReference; lastKnownFileType = sourcecode.swift; path = UserDefaultsExample.swift; sourceTree = "<group>"; };
		4A49EB12273C392100C29193 /* UserDefaultsService.swift */ = {isa = PBXFileReference; lastKnownFileType = sourcecode.swift; path = UserDefaultsService.swift; sourceTree = "<group>"; };
		4A5980DC275340C000E95548 /* OnReceiveExample.swift */ = {isa = PBXFileReference; lastKnownFileType = sourcecode.swift; path = OnReceiveExample.swift; sourceTree = "<group>"; };
		4A5C8910275464E2005C67D2 /* ListExample.swift */ = {isa = PBXFileReference; lastKnownFileType = sourcecode.swift; path = ListExample.swift; sourceTree = "<group>"; };
		4A5C89122754B8C9005C67D2 /* BarExample.swift */ = {isa = PBXFileReference; lastKnownFileType = sourcecode.swift; path = BarExample.swift; sourceTree = "<group>"; };
		4A65DA5E2760096A0054C92D /* weather.json */ = {isa = PBXFileReference; fileEncoding = 4; lastKnownFileType = text.json; path = weather.json; sourceTree = "<group>"; };
		4A65DA602760098A0054C92D /* DecoderExample.swift */ = {isa = PBXFileReference; fileEncoding = 4; lastKnownFileType = sourcecode.swift; path = DecoderExample.swift; sourceTree = "<group>"; };
		4A6824C8272CBCAA004A7879 /* MusicPlayerExample.swift */ = {isa = PBXFileReference; lastKnownFileType = sourcecode.swift; path = MusicPlayerExample.swift; sourceTree = "<group>"; };
		4A6824CA272CC217004A7879 /* music.mp3 */ = {isa = PBXFileReference; lastKnownFileType = audio.mp3; path = music.mp3; sourceTree = "<group>"; };
		4A6824CC272D2ABB004A7879 /* StateObjectExample.swift */ = {isa = PBXFileReference; lastKnownFileType = sourcecode.swift; path = StateObjectExample.swift; sourceTree = "<group>"; };
		4A856BA62758B24A0062FC9F /* LineGraphExample.swift */ = {isa = PBXFileReference; lastKnownFileType = sourcecode.swift; path = LineGraphExample.swift; sourceTree = "<group>"; };
		4A96E1372720F30300E66E2E /* JSONDecoderExample.swift */ = {isa = PBXFileReference; lastKnownFileType = sourcecode.swift; path = JSONDecoderExample.swift; sourceTree = "<group>"; };
		4A96E139272113B700E66E2E /* JSONEncoderExample.swift */ = {isa = PBXFileReference; lastKnownFileType = sourcecode.swift; path = JSONEncoderExample.swift; sourceTree = "<group>"; };
		4A96E13B272113C800E66E2E /* JSONSerializationExample.swift */ = {isa = PBXFileReference; lastKnownFileType = sourcecode.swift; path = JSONSerializationExample.swift; sourceTree = "<group>"; };
		4A96E13F2721141500E66E2E /* TryExample.swift */ = {isa = PBXFileReference; lastKnownFileType = sourcecode.swift; path = TryExample.swift; sourceTree = "<group>"; };
		4A96E14B2721F14800E66E2E /* LocalizedErrorExample.swift */ = {isa = PBXFileReference; lastKnownFileType = sourcecode.swift; path = LocalizedErrorExample.swift; sourceTree = "<group>"; };
		4A96E14E27221EFB00E66E2E /* ButtonSimpleExample.swift */ = {isa = PBXFileReference; lastKnownFileType = sourcecode.swift; path = ButtonSimpleExample.swift; sourceTree = "<group>"; };
		4A96E1B72724C9F100E66E2E /* ColorExample.swift */ = {isa = PBXFileReference; lastKnownFileType = sourcecode.swift; path = ColorExample.swift; sourceTree = "<group>"; };
		4A96E1B92724DCE400E66E2E /* FrameExample.swift */ = {isa = PBXFileReference; lastKnownFileType = sourcecode.swift; path = FrameExample.swift; sourceTree = "<group>"; };
		4A96E1BB2724E35900E66E2E /* ScrollViewExample.swift */ = {isa = PBXFileReference; lastKnownFileType = sourcecode.swift; path = ScrollViewExample.swift; sourceTree = "<group>"; };
		4A96E1BE27253D4F00E66E2E /* FontExample.swift */ = {isa = PBXFileReference; lastKnownFileType = sourcecode.swift; path = FontExample.swift; sourceTree = "<group>"; };
		4A9BB0F22735A925007E3853 /* Store.swift */ = {isa = PBXFileReference; lastKnownFileType = sourcecode.swift; path = Store.swift; sourceTree = "<group>"; };
		4A9BB0F62735BD09007E3853 /* EnvironmentObjectExample.swift */ = {isa = PBXFileReference; lastKnownFileType = sourcecode.swift; path = EnvironmentObjectExample.swift; sourceTree = "<group>"; };
		4A9BB0F82735C500007E3853 /* StateExample.swift */ = {isa = PBXFileReference; lastKnownFileType = sourcecode.swift; path = StateExample.swift; sourceTree = "<group>"; };
		4AB26C74277458FE00D73A97 /* WebImageExample.swift */ = {isa = PBXFileReference; lastKnownFileType = sourcecode.swift; path = WebImageExample.swift; sourceTree = "<group>"; };
		4AC0447B2717A3960060FB8D /* FocusedExample.swift */ = {isa = PBXFileReference; lastKnownFileType = sourcecode.swift; path = FocusedExample.swift; sourceTree = "<group>"; };
		4AC6A4692707E294009067C3 /* SwiftExamples.app */ = {isa = PBXFileReference; explicitFileType = wrapper.application; includeInIndex = 0; path = SwiftExamples.app; sourceTree = BUILT_PRODUCTS_DIR; };
		4AC6A46C2707E294009067C3 /* SwiftExamplesApp.swift */ = {isa = PBXFileReference; lastKnownFileType = sourcecode.swift; path = SwiftExamplesApp.swift; sourceTree = "<group>"; };
		4AC6A46E2707E294009067C3 /* ContentView.swift */ = {isa = PBXFileReference; lastKnownFileType = sourcecode.swift; path = ContentView.swift; sourceTree = "<group>"; };
		4AC6A4702707E298009067C3 /* Assets.xcassets */ = {isa = PBXFileReference; lastKnownFileType = folder.assetcatalog; path = Assets.xcassets; sourceTree = "<group>"; };
		4AC6A4732707E298009067C3 /* Preview Assets.xcassets */ = {isa = PBXFileReference; lastKnownFileType = folder.assetcatalog; path = "Preview Assets.xcassets"; sourceTree = "<group>"; };
		4AC6A47B2707E2D5009067C3 /* TapGestureExample.swift */ = {isa = PBXFileReference; lastKnownFileType = sourcecode.swift; path = TapGestureExample.swift; sourceTree = "<group>"; };
		4AC6A47E2707E699009067C3 /* GeometryReaderExample.swift */ = {isa = PBXFileReference; lastKnownFileType = sourcecode.swift; path = GeometryReaderExample.swift; sourceTree = "<group>"; };
		4AC6A4802707E974009067C3 /* TimerExample.swift */ = {isa = PBXFileReference; lastKnownFileType = sourcecode.swift; path = TimerExample.swift; sourceTree = "<group>"; };
		4AC6A4822707F446009067C3 /* OnDeleteExample.swift */ = {isa = PBXFileReference; lastKnownFileType = sourcecode.swift; path = OnDeleteExample.swift; sourceTree = "<group>"; };
		4AC6A4842707FB68009067C3 /* LongPressGestureExample.swift */ = {isa = PBXFileReference; lastKnownFileType = sourcecode.swift; path = LongPressGestureExample.swift; sourceTree = "<group>"; };
		4AC6A4862707FBF6009067C3 /* DragGestureExample.swift */ = {isa = PBXFileReference; lastKnownFileType = sourcecode.swift; path = DragGestureExample.swift; sourceTree = "<group>"; };
		4AC6A488270840A0009067C3 /* DragGestureExample2.swift */ = {isa = PBXFileReference; lastKnownFileType = sourcecode.swift; path = DragGestureExample2.swift; sourceTree = "<group>"; };
		4AC6A48A270848CE009067C3 /* MagnificationGestureExample.swift */ = {isa = PBXFileReference; lastKnownFileType = sourcecode.swift; path = MagnificationGestureExample.swift; sourceTree = "<group>"; };
		4AC6A48C270850ED009067C3 /* RotationGestureExample.swift */ = {isa = PBXFileReference; lastKnownFileType = sourcecode.swift; path = RotationGestureExample.swift; sourceTree = "<group>"; };
		4AC6A4902708B320009067C3 /* TabViewExample.swift */ = {isa = PBXFileReference; lastKnownFileType = sourcecode.swift; path = TabViewExample.swift; sourceTree = "<group>"; };
		4AC6A4922708C7CC009067C3 /* PaddingExample.swift */ = {isa = PBXFileReference; lastKnownFileType = sourcecode.swift; path = PaddingExample.swift; sourceTree = "<group>"; };
		4ACE2BAE274B597F008DF217 /* TransitionExample.swift */ = {isa = PBXFileReference; lastKnownFileType = sourcecode.swift; path = TransitionExample.swift; sourceTree = "<group>"; };
		4ACF67D827360C27003CF94F /* OnChangeExample.swift */ = {isa = PBXFileReference; lastKnownFileType = sourcecode.swift; path = OnChangeExample.swift; sourceTree = "<group>"; };
		4ACF68042736F0FD003CF94F /* ViewBuilderExample.swift */ = {isa = PBXFileReference; lastKnownFileType = sourcecode.swift; path = ViewBuilderExample.swift; sourceTree = "<group>"; };
		4ACF680627372A03003CF94F /* ModifierExample.swift */ = {isa = PBXFileReference; lastKnownFileType = sourcecode.swift; path = ModifierExample.swift; sourceTree = "<group>"; };
		4ACFDC6D276FD1720039769F /* UIBezierPathExample.swift */ = {isa = PBXFileReference; lastKnownFileType = sourcecode.swift; path = UIBezierPathExample.swift; sourceTree = "<group>"; };
		4ACFDC71276FE1B80039769F /* PathExample.swift */ = {isa = PBXFileReference; lastKnownFileType = sourcecode.swift; path = PathExample.swift; sourceTree = "<group>"; };
		4ACFDC7927711E7C0039769F /* AttributedStringExample.swift */ = {isa = PBXFileReference; lastKnownFileType = sourcecode.swift; path = AttributedStringExample.swift; sourceTree = "<group>"; };
		4ADFD2002769A02A00B3565A /* SlidingTextExample.swift */ = {isa = PBXFileReference; fileEncoding = 4; lastKnownFileType = sourcecode.swift; path = SlidingTextExample.swift; sourceTree = "<group>"; };
		4ADFD2022769A04600B3565A /* ScaleFactorExample.swift */ = {isa = PBXFileReference; fileEncoding = 4; lastKnownFileType = sourcecode.swift; path = ScaleFactorExample.swift; sourceTree = "<group>"; };
		4ADFD2042769A04F00B3565A /* ScrollViewReaderExample3.swift */ = {isa = PBXFileReference; fileEncoding = 4; lastKnownFileType = sourcecode.swift; path = ScrollViewReaderExample3.swift; sourceTree = "<group>"; };
		4ADFD2082769A2CC00B3565A /* ScrollableTextExample.swift */ = {isa = PBXFileReference; lastKnownFileType = sourcecode.swift; path = ScrollableTextExample.swift; sourceTree = "<group>"; };
		4ADFD20A2769D12700B3565A /* TapStackExample.swift */ = {isa = PBXFileReference; lastKnownFileType = sourcecode.swift; path = TapStackExample.swift; sourceTree = "<group>"; };
		4ADFD20C2769E79000B3565A /* OrientationExample.swift */ = {isa = PBXFileReference; lastKnownFileType = sourcecode.swift; path = OrientationExample.swift; sourceTree = "<group>"; };
		4ADFD20E2769ED8F00B3565A /* ToolbarExample.swift */ = {isa = PBXFileReference; lastKnownFileType = sourcecode.swift; path = ToolbarExample.swift; sourceTree = "<group>"; };
		4AEB8BA62772D5BB0007599F /* TextFieldExample2.swift */ = {isa = PBXFileReference; lastKnownFileType = sourcecode.swift; path = TextFieldExample2.swift; sourceTree = "<group>"; };
		4AEB8BA82772DDDB0007599F /* TextFieldExample3.swift */ = {isa = PBXFileReference; lastKnownFileType = sourcecode.swift; path = TextFieldExample3.swift; sourceTree = "<group>"; };
		4AF0D0052732593200EA2E80 /* PickerExample.swift */ = {isa = PBXFileReference; lastKnownFileType = sourcecode.swift; path = PickerExample.swift; sourceTree = "<group>"; };
/* End PBXFileReference section */

/* Begin PBXFrameworksBuildPhase section */
		4AC6A4662707E294009067C3 /* Frameworks */ = {
			isa = PBXFrameworksBuildPhase;
			buildActionMask = 2147483647;
			files = (
				4AB26C73277458E500D73A97 /* SDWebImageSwiftUI in Frameworks */,
			);
			runOnlyForDeploymentPostprocessing = 0;
		};
/* End PBXFrameworksBuildPhase section */

/* Begin PBXGroup section */
		4A021BFD27378DC900481DBC /* Classes */ = {
			isa = PBXGroup;
			children = (
				4A9BB0F22735A925007E3853 /* Store.swift */,
				4A49EB12273C392100C29193 /* UserDefaultsService.swift */,
				4A021BFE27378DE700481DBC /* Orientation.swift */,
			);
			path = Classes;
			sourceTree = "<group>";
		};
		4A347CF7273A5CE5000A31C5 /* Animations */ = {
			isa = PBXGroup;
			children = (
				4A347CF8273A5D00000A31C5 /* AnimationExample1.swift */,
				4A347CFA273A5D34000A31C5 /* AnimationExample2.swift */,
				4A347CFC273A5DD4000A31C5 /* AnimationExample3.swift */,
				4A347CFE273A6E94000A31C5 /* AnimationExample4.swift */,
				4ACE2BAE274B597F008DF217 /* TransitionExample.swift */,
				4ADFD2002769A02A00B3565A /* SlidingTextExample.swift */,
			);
			path = Animations;
			sourceTree = "<group>";
		};
		4A3E38F82737C82200927C2D /* Button */ = {
			isa = PBXGroup;
			children = (
				4A96E14E27221EFB00E66E2E /* ButtonSimpleExample.swift */,
				4A3E38F92737C86D00927C2D /* ButtonModifierExample.swift */,
				4A3E38FF2737CBEA00927C2D /* ButtonExtensionExample.swift */,
				4A3E39012737CBF500927C2D /* ButtonStyleExample.swift */,
				4A3E38FB2737C88300927C2D /* ButtonStructExample.swift */,
				4A3E3903273856A400927C2D /* ButtonViewBuilderExample.swift */,
				4A3E38FD2737CBDC00927C2D /* ButtonPropertyExample.swift */,
			);
			path = Button;
			sourceTree = "<group>";
		};
		4A3E39072738602A00927C2D /* States */ = {
			isa = PBXGroup;
			children = (
				4A6824CC272D2ABB004A7879 /* StateObjectExample.swift */,
				4A9BB0F62735BD09007E3853 /* EnvironmentObjectExample.swift */,
				4A3E390527385C7C00927C2D /* EnvironmentExample.swift */,
				4A9BB0F82735C500007E3853 /* StateExample.swift */,
				4ACF68042736F0FD003CF94F /* ViewBuilderExample.swift */,
			);
			path = States;
			sourceTree = "<group>";
		};
		4A96E1362720F1F300E66E2E /* Functions */ = {
			isa = PBXGroup;
			children = (
				4A96E14A2721F12000E66E2E /* JSON */,
				4A96E13F2721141500E66E2E /* TryExample.swift */,
				4A96E14B2721F14800E66E2E /* LocalizedErrorExample.swift */,
			);
			path = Functions;
			sourceTree = "<group>";
		};
		4A96E14A2721F12000E66E2E /* JSON */ = {
			isa = PBXGroup;
			children = (
				4A96E1372720F30300E66E2E /* JSONDecoderExample.swift */,
				4A96E139272113B700E66E2E /* JSONEncoderExample.swift */,
				4A96E13B272113C800E66E2E /* JSONSerializationExample.swift */,
				4A65DA602760098A0054C92D /* DecoderExample.swift */,
				4A65DA5E2760096A0054C92D /* weather.json */,
			);
			path = JSON;
			sourceTree = "<group>";
		};
		4A96E14D27221EC600E66E2E /* Views */ = {
			isa = PBXGroup;
			children = (
				4A3E38F82737C82200927C2D /* Button */,
				4ADFD2062769A07B00B3565A /* ScrollView */,
				4AEB8BA52772D59A0007599F /* TextField */,
				4AC6A4902708B320009067C3 /* TabViewExample.swift */,
				4AF0D0052732593200EA2E80 /* PickerExample.swift */,
				4A021BFB2737846100481DBC /* LazyGridExample.swift */,
				4A3E39082738617700927C2D /* MenuExample.swift */,
				4A5C8910275464E2005C67D2 /* ListExample.swift */,
				4ADFD2022769A04600B3565A /* ScaleFactorExample.swift */,
				4A17E19C273CE06100B638F9 /* GroupAnyViewExample.swift */,
				4A347D00273BB5A1000A31C5 /* NavigationLinkExample.swift */,
				4ADFD20E2769ED8F00B3565A /* ToolbarExample.swift */,
			);
			path = Views;
			sourceTree = "<group>";
		};
		4A96E1B62724C32200E66E2E /* Styles */ = {
			isa = PBXGroup;
			children = (
				4AC6A4922708C7CC009067C3 /* PaddingExample.swift */,
				4A96E1B72724C9F100E66E2E /* ColorExample.swift */,
				4A96E1B92724DCE400E66E2E /* FrameExample.swift */,
				4A96E1BE27253D4F00E66E2E /* FontExample.swift */,
				4A347D02273BBC81000A31C5 /* RotationEffectExample.swift */,
				4A347D04273BBD8B000A31C5 /* UIScreenExample.swift */,
			);
			path = Styles;
			sourceTree = "<group>";
		};
		4A96E1BD2724EC5D00E66E2E /* Modifiers */ = {
			isa = PBXGroup;
			children = (
				4AC6A4822707F446009067C3 /* OnDeleteExample.swift */,
				4A5980DC275340C000E95548 /* OnReceiveExample.swift */,
				4ACF680627372A03003CF94F /* ModifierExample.swift */,
				4AC0447B2717A3960060FB8D /* FocusedExample.swift */,
				4ACF67D827360C27003CF94F /* OnChangeExample.swift */,
				4A3BA406272F537D00D5D52C /* ConfirmationExample.swift */,
				4A1D936F2740F89E0017DAC2 /* AlertExample.swift */,
			);
			path = Modifiers;
			sourceTree = "<group>";
		};
		4A9BB0F127359DAD007E3853 /* Resources */ = {
			isa = PBXGroup;
			children = (
				4A6824CA272CC217004A7879 /* music.mp3 */,
			);
			path = Resources;
			sourceTree = "<group>";
		};
		4AC6A4602707E294009067C3 = {
			isa = PBXGroup;
			children = (
				4AC6A46B2707E294009067C3 /* SwiftExamples */,
				4AC6A46A2707E294009067C3 /* Products */,
			);
			sourceTree = "<group>";
		};
		4AC6A46A2707E294009067C3 /* Products */ = {
			isa = PBXGroup;
			children = (
				4AC6A4692707E294009067C3 /* SwiftExamples.app */,
			);
			name = Products;
			sourceTree = "<group>";
		};
		4AC6A46B2707E294009067C3 /* SwiftExamples */ = {
			isa = PBXGroup;
			children = (
				4AC6A46C2707E294009067C3 /* SwiftExamplesApp.swift */,
				4AC6A46E2707E294009067C3 /* ContentView.swift */,
				4A96E14D27221EC600E66E2E /* Views */,
				4A96E1B62724C32200E66E2E /* Styles */,
				4A96E1BD2724EC5D00E66E2E /* Modifiers */,
				4A3E39072738602A00927C2D /* States */,
				4AC6A47A2707E2B2009067C3 /* Gestures */,
				4A347CF7273A5CE5000A31C5 /* Animations */,
				4AC6A47D2707E674009067C3 /* Misc */,
				4A96E1362720F1F300E66E2E /* Functions */,
				4A021BFD27378DC900481DBC /* Classes */,
				4AC6A4702707E298009067C3 /* Assets.xcassets */,
				4A9BB0F127359DAD007E3853 /* Resources */,
				4AC6A4722707E298009067C3 /* Preview Content */,
			);
			path = SwiftExamples;
			sourceTree = "<group>";
		};
		4AC6A4722707E298009067C3 /* Preview Content */ = {
			isa = PBXGroup;
			children = (
				4AC6A4732707E298009067C3 /* Preview Assets.xcassets */,
			);
			path = "Preview Content";
			sourceTree = "<group>";
		};
		4AC6A47A2707E2B2009067C3 /* Gestures */ = {
			isa = PBXGroup;
			children = (
				4AC6A47B2707E2D5009067C3 /* TapGestureExample.swift */,
				4AC6A48A270848CE009067C3 /* MagnificationGestureExample.swift */,
				4AC6A48C270850ED009067C3 /* RotationGestureExample.swift */,
				4AC6A4862707FBF6009067C3 /* DragGestureExample.swift */,
				4AC6A488270840A0009067C3 /* DragGestureExample2.swift */,
				4AC6A4842707FB68009067C3 /* LongPressGestureExample.swift */,
				4ADFD20A2769D12700B3565A /* TapStackExample.swift */,
			);
			path = Gestures;
			sourceTree = "<group>";
		};
		4AC6A47D2707E674009067C3 /* Misc */ = {
			isa = PBXGroup;
			children = (
				4ADFD2072769A0E200B3565A /* Samples */,
				4AC6A47E2707E699009067C3 /* GeometryReaderExample.swift */,
				4AC6A4802707E974009067C3 /* TimerExample.swift */,
				4A6824C8272CBCAA004A7879 /* MusicPlayerExample.swift */,
				4A49EB10273C38E400C29193 /* UserDefaultsExample.swift */,
				4ADFD20C2769E79000B3565A /* OrientationExample.swift */,
				4ACFDC7927711E7C0039769F /* AttributedStringExample.swift */,
				4ACFDC71276FE1B80039769F /* PathExample.swift */,
				4ACFDC6D276FD1720039769F /* UIBezierPathExample.swift */,
				4AB26C74277458FE00D73A97 /* WebImageExample.swift */,
			);
			path = Misc;
			sourceTree = "<group>";
		};
		4ADFD2062769A07B00B3565A /* ScrollView */ = {
			isa = PBXGroup;
			children = (
				4A96E1BB2724E35900E66E2E /* ScrollViewExample.swift */,
				4A3E390A2738716B00927C2D /* ScrollViewReaderExample1.swift */,
				4A3E390C27387CC400927C2D /* ScrollViewReaderExample2.swift */,
				4ADFD2042769A04F00B3565A /* ScrollViewReaderExample3.swift */,
				4ADFD2082769A2CC00B3565A /* ScrollableTextExample.swift */,
			);
			path = ScrollView;
			sourceTree = "<group>";
		};
		4ADFD2072769A0E200B3565A /* Samples */ = {
			isa = PBXGroup;
			children = (
				4A5C89122754B8C9005C67D2 /* BarExample.swift */,
				4A1BAB36275730BE00F4DA58 /* CurveExample.swift */,
				4A856BA62758B24A0062FC9F /* LineGraphExample.swift */,
			);
			path = Samples;
			sourceTree = "<group>";
		};
		4AEB8BA52772D59A0007599F /* TextField */ = {
			isa = PBXGroup;
			children = (
				4A3E38F62737A5E200927C2D /* TextFieldExample1.swift */,
				4AEB8BA62772D5BB0007599F /* TextFieldExample2.swift */,
				4AEB8BA82772DDDB0007599F /* TextFieldExample3.swift */,
			);
			path = TextField;
			sourceTree = "<group>";
		};
/* End PBXGroup section */

/* Begin PBXNativeTarget section */
		4AC6A4682707E294009067C3 /* SwiftExamples */ = {
			isa = PBXNativeTarget;
			buildConfigurationList = 4AC6A4772707E298009067C3 /* Build configuration list for PBXNativeTarget "SwiftExamples" */;
			buildPhases = (
				4AC6A4652707E294009067C3 /* Sources */,
				4AC6A4662707E294009067C3 /* Frameworks */,
				4AC6A4672707E294009067C3 /* Resources */,
			);
			buildRules = (
			);
			dependencies = (
			);
			name = SwiftExamples;
			packageProductDependencies = (
				4AB26C72277458E500D73A97 /* SDWebImageSwiftUI */,
			);
			productName = SwiftExamples;
			productReference = 4AC6A4692707E294009067C3 /* SwiftExamples.app */;
			productType = "com.apple.product-type.application";
		};
/* End PBXNativeTarget section */

/* Begin PBXProject section */
		4AC6A4612707E294009067C3 /* Project object */ = {
			isa = PBXProject;
			attributes = {
				BuildIndependentTargetsInParallel = 1;
				LastSwiftUpdateCheck = 1300;
				LastUpgradeCheck = 1300;
				TargetAttributes = {
					4AC6A4682707E294009067C3 = {
						CreatedOnToolsVersion = 13.0;
					};
				};
			};
			buildConfigurationList = 4AC6A4642707E294009067C3 /* Build configuration list for PBXProject "SwiftExamples" */;
			compatibilityVersion = "Xcode 13.0";
			developmentRegion = en;
			hasScannedForEncodings = 0;
			knownRegions = (
				en,
				Base,
			);
			mainGroup = 4AC6A4602707E294009067C3;
			packageReferences = (
				4AB26C71277458E500D73A97 /* XCRemoteSwiftPackageReference "SDWebImageSwiftUI" */,
			);
			productRefGroup = 4AC6A46A2707E294009067C3 /* Products */;
			projectDirPath = "";
			projectRoot = "";
			targets = (
				4AC6A4682707E294009067C3 /* SwiftExamples */,
			);
		};
/* End PBXProject section */

/* Begin PBXResourcesBuildPhase section */
		4AC6A4672707E294009067C3 /* Resources */ = {
			isa = PBXResourcesBuildPhase;
			buildActionMask = 2147483647;
			files = (
				4A65DA5F2760096A0054C92D /* weather.json in Resources */,
				4AC6A4742707E298009067C3 /* Preview Assets.xcassets in Resources */,
				4AC6A4712707E298009067C3 /* Assets.xcassets in Resources */,
				4A6824CB272CC218004A7879 /* music.mp3 in Resources */,
			);
			runOnlyForDeploymentPostprocessing = 0;
		};
/* End PBXResourcesBuildPhase section */

/* Begin PBXSourcesBuildPhase section */
		4AC6A4652707E294009067C3 /* Sources */ = {
			isa = PBXSourcesBuildPhase;
			buildActionMask = 2147483647;
			files = (
				4A6824C9272CBCAA004A7879 /* MusicPlayerExample.swift in Sources */,
				4AB26C75277458FE00D73A97 /* WebImageExample.swift in Sources */,
				4A49EB13273C392100C29193 /* UserDefaultsService.swift in Sources */,
				4A96E1B82724C9F100E66E2E /* ColorExample.swift in Sources */,
				4AC6A4932708C7CC009067C3 /* PaddingExample.swift in Sources */,
				4A021BFC2737846100481DBC /* LazyGridExample.swift in Sources */,
				4A3E390627385C7C00927C2D /* EnvironmentExample.swift in Sources */,
				4A96E1382720F30300E66E2E /* JSONDecoderExample.swift in Sources */,
				4A3E3904273856A400927C2D /* ButtonViewBuilderExample.swift in Sources */,
				4A347D03273BBC81000A31C5 /* RotationEffectExample.swift in Sources */,
				4ADFD2052769A04F00B3565A /* ScrollViewReaderExample3.swift in Sources */,
				4AEB8BA72772D5BB0007599F /* TextFieldExample2.swift in Sources */,
				4A96E14F27221EFB00E66E2E /* ButtonSimpleExample.swift in Sources */,
				4ADFD20B2769D12700B3565A /* TapStackExample.swift in Sources */,
				4A9BB0F92735C500007E3853 /* StateExample.swift in Sources */,
				4A347D05273BBD8B000A31C5 /* UIScreenExample.swift in Sources */,
				4ADFD20F2769ED8F00B3565A /* ToolbarExample.swift in Sources */,
				4A96E1BF27253D4F00E66E2E /* FontExample.swift in Sources */,
				4A3E390D27387CC400927C2D /* ScrollViewReaderExample2.swift in Sources */,
				4A96E14C2721F14800E66E2E /* LocalizedErrorExample.swift in Sources */,
				4A5C8911275464E2005C67D2 /* ListExample.swift in Sources */,
				4AC6A4872707FBF6009067C3 /* DragGestureExample.swift in Sources */,
				4A347CFF273A6E94000A31C5 /* AnimationExample4.swift in Sources */,
				4A3E39092738617700927C2D /* MenuExample.swift in Sources */,
				4AC6A4812707E974009067C3 /* TimerExample.swift in Sources */,
				4A3E38FE2737CBDC00927C2D /* ButtonPropertyExample.swift in Sources */,
				4A96E13C272113C800E66E2E /* JSONSerializationExample.swift in Sources */,
				4ACF67D927360C27003CF94F /* OnChangeExample.swift in Sources */,
				4AC6A48B270848CE009067C3 /* MagnificationGestureExample.swift in Sources */,
				4A96E1BA2724DCE400E66E2E /* FrameExample.swift in Sources */,
				4AEB8BA92772DDDB0007599F /* TextFieldExample3.swift in Sources */,
				4A96E1402721141500E66E2E /* TryExample.swift in Sources */,
				4ADFD20D2769E79000B3565A /* OrientationExample.swift in Sources */,
				4A021BFF27378DE700481DBC /* Orientation.swift in Sources */,
				4A3E39002737CBEA00927C2D /* ButtonExtensionExample.swift in Sources */,
				4AC6A46F2707E294009067C3 /* ContentView.swift in Sources */,
				4ACFDC72276FE1B80039769F /* PathExample.swift in Sources */,
				4AC6A4852707FB68009067C3 /* LongPressGestureExample.swift in Sources */,
				4ACF680727372A03003CF94F /* ModifierExample.swift in Sources */,
				4AC6A4912708B320009067C3 /* TabViewExample.swift in Sources */,
				4A3E38FA2737C86D00927C2D /* ButtonModifierExample.swift in Sources */,
				4AC6A48D270850ED009067C3 /* RotationGestureExample.swift in Sources */,
				4A347CFD273A5DD4000A31C5 /* AnimationExample3.swift in Sources */,
				4ADFD2092769A2CC00B3565A /* ScrollableTextExample.swift in Sources */,
				4AC6A47F2707E699009067C3 /* GeometryReaderExample.swift in Sources */,
				4A96E13A272113B700E66E2E /* JSONEncoderExample.swift in Sources */,
				4A347CFB273A5D34000A31C5 /* AnimationExample2.swift in Sources */,
				4A49EB11273C38E400C29193 /* UserDefaultsExample.swift in Sources */,
				4ADFD2032769A04600B3565A /* ScaleFactorExample.swift in Sources */,
				4A347CF9273A5D00000A31C5 /* AnimationExample1.swift in Sources */,
				4AC6A47C2707E2D5009067C3 /* TapGestureExample.swift in Sources */,
				4ACFDC6E276FD1720039769F /* UIBezierPathExample.swift in Sources */,
				4A347D01273BB5A1000A31C5 /* NavigationLinkExample.swift in Sources */,
				4A1D93702740F89E0017DAC2 /* AlertExample.swift in Sources */,
				4ACF68052736F0FD003CF94F /* ViewBuilderExample.swift in Sources */,
				4A6824CD272D2ABB004A7879 /* StateObjectExample.swift in Sources */,
				4A65DA612760098A0054C92D /* DecoderExample.swift in Sources */,
				4A1BAB37275730BE00F4DA58 /* CurveExample.swift in Sources */,
				4A3BA407272F537D00D5D52C /* ConfirmationExample.swift in Sources */,
				4ADFD2012769A02A00B3565A /* SlidingTextExample.swift in Sources */,
				4AC6A489270840A0009067C3 /* DragGestureExample2.swift in Sources */,
				4A3E39022737CBF500927C2D /* ButtonStyleExample.swift in Sources */,
				4A3E38FC2737C88300927C2D /* ButtonStructExample.swift in Sources */,
				4ACE2BAF274B597F008DF217 /* TransitionExample.swift in Sources */,
				4A3E390B2738716B00927C2D /* ScrollViewReaderExample1.swift in Sources */,
				4A96E1BC2724E35900E66E2E /* ScrollViewExample.swift in Sources */,
				4A17E19D273CE06100B638F9 /* GroupAnyViewExample.swift in Sources */,
				4AC6A4832707F446009067C3 /* OnDeleteExample.swift in Sources */,
				4A856BA72758B24A0062FC9F /* LineGraphExample.swift in Sources */,
				4A9BB0F72735BD09007E3853 /* EnvironmentObjectExample.swift in Sources */,
				4AF0D0062732593200EA2E80 /* PickerExample.swift in Sources */,
				4AC6A46D2707E294009067C3 /* SwiftExamplesApp.swift in Sources */,
				4A9BB0F32735A925007E3853 /* Store.swift in Sources */,
				4A5980DD275340C000E95548 /* OnReceiveExample.swift in Sources */,
				4A3E38F72737A5E200927C2D /* TextFieldExample1.swift in Sources */,
				4A5C89132754B8C9005C67D2 /* BarExample.swift in Sources */,
				4AC0447C2717A3960060FB8D /* FocusedExample.swift in Sources */,
				4ACFDC7A27711E7C0039769F /* AttributedStringExample.swift in Sources */,
			);
			runOnlyForDeploymentPostprocessing = 0;
		};
/* End PBXSourcesBuildPhase section */

/* Begin XCBuildConfiguration section */
		4AC6A4752707E298009067C3 /* Debug */ = {
			isa = XCBuildConfiguration;
			buildSettings = {
				ALWAYS_SEARCH_USER_PATHS = NO;
				CLANG_ANALYZER_NONNULL = YES;
				CLANG_ANALYZER_NUMBER_OBJECT_CONVERSION = YES_AGGRESSIVE;
				CLANG_CXX_LANGUAGE_STANDARD = "gnu++17";
				CLANG_CXX_LIBRARY = "libc++";
				CLANG_ENABLE_MODULES = YES;
				CLANG_ENABLE_OBJC_ARC = YES;
				CLANG_ENABLE_OBJC_WEAK = YES;
				CLANG_WARN_BLOCK_CAPTURE_AUTORELEASING = YES;
				CLANG_WARN_BOOL_CONVERSION = YES;
				CLANG_WARN_COMMA = YES;
				CLANG_WARN_CONSTANT_CONVERSION = YES;
				CLANG_WARN_DEPRECATED_OBJC_IMPLEMENTATIONS = YES;
				CLANG_WARN_DIRECT_OBJC_ISA_USAGE = YES_ERROR;
				CLANG_WARN_DOCUMENTATION_COMMENTS = YES;
				CLANG_WARN_EMPTY_BODY = YES;
				CLANG_WARN_ENUM_CONVERSION = YES;
				CLANG_WARN_INFINITE_RECURSION = YES;
				CLANG_WARN_INT_CONVERSION = YES;
				CLANG_WARN_NON_LITERAL_NULL_CONVERSION = YES;
				CLANG_WARN_OBJC_IMPLICIT_RETAIN_SELF = YES;
				CLANG_WARN_OBJC_LITERAL_CONVERSION = YES;
				CLANG_WARN_OBJC_ROOT_CLASS = YES_ERROR;
				CLANG_WARN_QUOTED_INCLUDE_IN_FRAMEWORK_HEADER = YES;
				CLANG_WARN_RANGE_LOOP_ANALYSIS = YES;
				CLANG_WARN_STRICT_PROTOTYPES = YES;
				CLANG_WARN_SUSPICIOUS_MOVE = YES;
				CLANG_WARN_UNGUARDED_AVAILABILITY = YES_AGGRESSIVE;
				CLANG_WARN_UNREACHABLE_CODE = YES;
				CLANG_WARN__DUPLICATE_METHOD_MATCH = YES;
				COPY_PHASE_STRIP = NO;
				DEBUG_INFORMATION_FORMAT = dwarf;
				ENABLE_STRICT_OBJC_MSGSEND = YES;
				ENABLE_TESTABILITY = YES;
				GCC_C_LANGUAGE_STANDARD = gnu11;
				GCC_DYNAMIC_NO_PIC = NO;
				GCC_NO_COMMON_BLOCKS = YES;
				GCC_OPTIMIZATION_LEVEL = 0;
				GCC_PREPROCESSOR_DEFINITIONS = (
					"DEBUG=1",
					"$(inherited)",
				);
				GCC_WARN_64_TO_32_BIT_CONVERSION = YES;
				GCC_WARN_ABOUT_RETURN_TYPE = YES_ERROR;
				GCC_WARN_UNDECLARED_SELECTOR = YES;
				GCC_WARN_UNINITIALIZED_AUTOS = YES_AGGRESSIVE;
				GCC_WARN_UNUSED_FUNCTION = YES;
				GCC_WARN_UNUSED_VARIABLE = YES;
				IPHONEOS_DEPLOYMENT_TARGET = 15.0;
				MTL_ENABLE_DEBUG_INFO = INCLUDE_SOURCE;
				MTL_FAST_MATH = YES;
				ONLY_ACTIVE_ARCH = YES;
				SDKROOT = iphoneos;
				SWIFT_ACTIVE_COMPILATION_CONDITIONS = DEBUG;
				SWIFT_OPTIMIZATION_LEVEL = "-Onone";
			};
			name = Debug;
		};
		4AC6A4762707E298009067C3 /* Release */ = {
			isa = XCBuildConfiguration;
			buildSettings = {
				ALWAYS_SEARCH_USER_PATHS = NO;
				CLANG_ANALYZER_NONNULL = YES;
				CLANG_ANALYZER_NUMBER_OBJECT_CONVERSION = YES_AGGRESSIVE;
				CLANG_CXX_LANGUAGE_STANDARD = "gnu++17";
				CLANG_CXX_LIBRARY = "libc++";
				CLANG_ENABLE_MODULES = YES;
				CLANG_ENABLE_OBJC_ARC = YES;
				CLANG_ENABLE_OBJC_WEAK = YES;
				CLANG_WARN_BLOCK_CAPTURE_AUTORELEASING = YES;
				CLANG_WARN_BOOL_CONVERSION = YES;
				CLANG_WARN_COMMA = YES;
				CLANG_WARN_CONSTANT_CONVERSION = YES;
				CLANG_WARN_DEPRECATED_OBJC_IMPLEMENTATIONS = YES;
				CLANG_WARN_DIRECT_OBJC_ISA_USAGE = YES_ERROR;
				CLANG_WARN_DOCUMENTATION_COMMENTS = YES;
				CLANG_WARN_EMPTY_BODY = YES;
				CLANG_WARN_ENUM_CONVERSION = YES;
				CLANG_WARN_INFINITE_RECURSION = YES;
				CLANG_WARN_INT_CONVERSION = YES;
				CLANG_WARN_NON_LITERAL_NULL_CONVERSION = YES;
				CLANG_WARN_OBJC_IMPLICIT_RETAIN_SELF = YES;
				CLANG_WARN_OBJC_LITERAL_CONVERSION = YES;
				CLANG_WARN_OBJC_ROOT_CLASS = YES_ERROR;
				CLANG_WARN_QUOTED_INCLUDE_IN_FRAMEWORK_HEADER = YES;
				CLANG_WARN_RANGE_LOOP_ANALYSIS = YES;
				CLANG_WARN_STRICT_PROTOTYPES = YES;
				CLANG_WARN_SUSPICIOUS_MOVE = YES;
				CLANG_WARN_UNGUARDED_AVAILABILITY = YES_AGGRESSIVE;
				CLANG_WARN_UNREACHABLE_CODE = YES;
				CLANG_WARN__DUPLICATE_METHOD_MATCH = YES;
				COPY_PHASE_STRIP = NO;
				DEBUG_INFORMATION_FORMAT = "dwarf-with-dsym";
				ENABLE_NS_ASSERTIONS = NO;
				ENABLE_STRICT_OBJC_MSGSEND = YES;
				GCC_C_LANGUAGE_STANDARD = gnu11;
				GCC_NO_COMMON_BLOCKS = YES;
				GCC_WARN_64_TO_32_BIT_CONVERSION = YES;
				GCC_WARN_ABOUT_RETURN_TYPE = YES_ERROR;
				GCC_WARN_UNDECLARED_SELECTOR = YES;
				GCC_WARN_UNINITIALIZED_AUTOS = YES_AGGRESSIVE;
				GCC_WARN_UNUSED_FUNCTION = YES;
				GCC_WARN_UNUSED_VARIABLE = YES;
				IPHONEOS_DEPLOYMENT_TARGET = 15.0;
				MTL_ENABLE_DEBUG_INFO = NO;
				MTL_FAST_MATH = YES;
				SDKROOT = iphoneos;
				SWIFT_COMPILATION_MODE = wholemodule;
				SWIFT_OPTIMIZATION_LEVEL = "-O";
				VALIDATE_PRODUCT = YES;
			};
			name = Release;
		};
		4AC6A4782707E298009067C3 /* Debug */ = {
			isa = XCBuildConfiguration;
			buildSettings = {
				ASSETCATALOG_COMPILER_APPICON_NAME = AppIcon;
				ASSETCATALOG_COMPILER_GLOBAL_ACCENT_COLOR_NAME = AccentColor;
				CODE_SIGN_STYLE = Automatic;
				CURRENT_PROJECT_VERSION = 1;
				DEVELOPMENT_ASSET_PATHS = "\"SwiftExamples/Preview Content\"";
				ENABLE_PREVIEWS = YES;
				GENERATE_INFOPLIST_FILE = YES;
				INFOPLIST_KEY_UIApplicationSceneManifest_Generation = YES;
				INFOPLIST_KEY_UIApplicationSupportsIndirectInputEvents = YES;
				INFOPLIST_KEY_UILaunchScreen_Generation = YES;
				INFOPLIST_KEY_UISupportedInterfaceOrientations_iPad = "UIInterfaceOrientationPortrait UIInterfaceOrientationPortraitUpsideDown UIInterfaceOrientationLandscapeLeft UIInterfaceOrientationLandscapeRight";
				INFOPLIST_KEY_UISupportedInterfaceOrientations_iPhone = "UIInterfaceOrientationPortrait UIInterfaceOrientationLandscapeLeft UIInterfaceOrientationLandscapeRight";
				IPHONEOS_DEPLOYMENT_TARGET = 15.0;
				LD_RUNPATH_SEARCH_PATHS = (
					"$(inherited)",
					"@executable_path/Frameworks",
				);
				MARKETING_VERSION = 1.0;
				PRODUCT_BUNDLE_IDENTIFIER = Cicimaya.SwiftExamples;
				PRODUCT_NAME = "$(TARGET_NAME)";
				SWIFT_EMIT_LOC_STRINGS = YES;
				SWIFT_VERSION = 5.0;
				TARGETED_DEVICE_FAMILY = "1,2";
			};
			name = Debug;
		};
		4AC6A4792707E298009067C3 /* Release */ = {
			isa = XCBuildConfiguration;
			buildSettings = {
				ASSETCATALOG_COMPILER_APPICON_NAME = AppIcon;
				ASSETCATALOG_COMPILER_GLOBAL_ACCENT_COLOR_NAME = AccentColor;
				CODE_SIGN_STYLE = Automatic;
				CURRENT_PROJECT_VERSION = 1;
				DEVELOPMENT_ASSET_PATHS = "\"SwiftExamples/Preview Content\"";
				ENABLE_PREVIEWS = YES;
				GENERATE_INFOPLIST_FILE = YES;
				INFOPLIST_KEY_UIApplicationSceneManifest_Generation = YES;
				INFOPLIST_KEY_UIApplicationSupportsIndirectInputEvents = YES;
				INFOPLIST_KEY_UILaunchScreen_Generation = YES;
				INFOPLIST_KEY_UISupportedInterfaceOrientations_iPad = "UIInterfaceOrientationPortrait UIInterfaceOrientationPortraitUpsideDown UIInterfaceOrientationLandscapeLeft UIInterfaceOrientationLandscapeRight";
				INFOPLIST_KEY_UISupportedInterfaceOrientations_iPhone = "UIInterfaceOrientationPortrait UIInterfaceOrientationLandscapeLeft UIInterfaceOrientationLandscapeRight";
				IPHONEOS_DEPLOYMENT_TARGET = 15.0;
				LD_RUNPATH_SEARCH_PATHS = (
					"$(inherited)",
					"@executable_path/Frameworks",
				);
				MARKETING_VERSION = 1.0;
				PRODUCT_BUNDLE_IDENTIFIER = Cicimaya.SwiftExamples;
				PRODUCT_NAME = "$(TARGET_NAME)";
				SWIFT_EMIT_LOC_STRINGS = YES;
				SWIFT_VERSION = 5.0;
				TARGETED_DEVICE_FAMILY = "1,2";
			};
			name = Release;
		};
/* End XCBuildConfiguration section */

/* Begin XCConfigurationList section */
		4AC6A4642707E294009067C3 /* Build configuration list for PBXProject "SwiftExamples" */ = {
			isa = XCConfigurationList;
			buildConfigurations = (
				4AC6A4752707E298009067C3 /* Debug */,
				4AC6A4762707E298009067C3 /* Release */,
			);
			defaultConfigurationIsVisible = 0;
			defaultConfigurationName = Release;
		};
		4AC6A4772707E298009067C3 /* Build configuration list for PBXNativeTarget "SwiftExamples" */ = {
			isa = XCConfigurationList;
			buildConfigurations = (
				4AC6A4782707E298009067C3 /* Debug */,
				4AC6A4792707E298009067C3 /* Release */,
			);
			defaultConfigurationIsVisible = 0;
			defaultConfigurationName = Release;
		};
/* End XCConfigurationList section */

/* Begin XCRemoteSwiftPackageReference section */
		4AB26C71277458E500D73A97 /* XCRemoteSwiftPackageReference "SDWebImageSwiftUI" */ = {
			isa = XCRemoteSwiftPackageReference;
			repositoryURL = "https://github.com/SDWebImage/SDWebImageSwiftUI";
			requirement = {
				kind = upToNextMajorVersion;
				minimumVersion = 2.0.0;
			};
		};
/* End XCRemoteSwiftPackageReference section */

/* Begin XCSwiftPackageProductDependency section */
		4AB26C72277458E500D73A97 /* SDWebImageSwiftUI */ = {
			isa = XCSwiftPackageProductDependency;
			package = 4AB26C71277458E500D73A97 /* XCRemoteSwiftPackageReference "SDWebImageSwiftUI" */;
			productName = SDWebImageSwiftUI;
		};
/* End XCSwiftPackageProductDependency section */
	};
	rootObject = 4AC6A4612707E294009067C3 /* Project object */;
}
